
Microsoft Visual Studio Solution File, Format Version 12.00
# Visual Studio Version 17
VisualStudioVersion = 17.9.34622.214
MinimumVisualStudioVersion = 10.0.40219.1
Project("{9A19103F-16F7-4668-BE54-9A1E7A4F7556}") = "CRECSharpInterpreter", "CRECSharpInterpreter\CRECSharpInterpreter.csproj", "{5AC041C7-3D0A-4D04-97E1-F1264F39011C}"
EndProject
Project("{9A19103F-16F7-4668-BE54-9A1E7A4F7556}") = "CREAvaloniaApp", "CREAvaloniaApp\CREAvaloniaApp.csproj", "{C9744111-2B2F-43E2-B7F2-A5CCA045E91C}"
EndProject
Project("{9A19103F-16F7-4668-BE54-9A1E7A4F7556}") = "CREAvaloniaApp.Desktop", "CREAvaloniaApp.Desktop\CREAvaloniaApp.Desktop.csproj", "{0CF7396F-8BDA-40F4-8670-5120E439355E}"
EndProject
Global
	GlobalSection(SolutionConfigurationPlatforms) = preSolution
		Debug|Any CPU = Debug|Any CPU
		Release|Any CPU = Release|Any CPU
	EndGlobalSection
	GlobalSection(ProjectConfigurationPlatforms) = postSolution
		{5AC041C7-3D0A-4D04-97E1-F1264F39011C}.Debug|Any CPU.ActiveCfg = Debug|Any CPU
		{5AC041C7-3D0A-4D04-97E1-F1264F39011C}.Debug|Any CPU.Build.0 = Debug|Any CPU
		{5AC041C7-3D0A-4D04-97E1-F1264F39011C}.Release|Any CPU.ActiveCfg = Release|Any CPU
		{5AC041C7-3D0A-4D04-97E1-F1264F39011C}.Release|Any CPU.Build.0 = Release|Any CPU
		{C9744111-2B2F-43E2-B7F2-A5CCA045E91C}.Debug|Any CPU.ActiveCfg = Debug|Any CPU
		{C9744111-2B2F-43E2-B7F2-A5CCA045E91C}.Debug|Any CPU.Build.0 = Debug|Any CPU
		{C9744111-2B2F-43E2-B7F2-A5CCA045E91C}.Release|Any CPU.ActiveCfg = Release|Any CPU
		{C9744111-2B2F-43E2-B7F2-A5CCA045E91C}.Release|Any CPU.Build.0 = Release|Any CPU
		{0CF7396F-8BDA-40F4-8670-5120E439355E}.Debug|Any CPU.ActiveCfg = Debug|Any CPU
		{0CF7396F-8BDA-40F4-8670-5120E439355E}.Debug|Any CPU.Build.0 = Debug|Any CPU
		{0CF7396F-8BDA-40F4-8670-5120E439355E}.Release|Any CPU.ActiveCfg = Release|Any CPU
		{0CF7396F-8BDA-40F4-8670-5120E439355E}.Release|Any CPU.Build.0 = Release|Any CPU
	EndGlobalSection
	GlobalSection(SolutionProperties) = preSolution
		HideSolutionNode = FALSE
	EndGlobalSection
	GlobalSection(ExtensibilityGlobals) = postSolution
		SolutionGuid = {347577B1-9EDF-4608-AA10-A2D1810806AD}
	EndGlobalSection
EndGlobal
